
Microsoft Visual Studio Solution File, Format Version 12.00
# Visual Studio Version 17
VisualStudioVersion = 17.8.34309.116
MinimumVisualStudioVersion = 10.0.40219.1
Project("{2150E333-8FDC-42A3-9474-1A3956D46DE8}") = "Api", "Api", "{CB038FF9-807F-4314-B462-63D9605FF396}"
EndProject
Project("{9A19103F-16F7-4668-BE54-9A1E7A4F7556}") = "Mobilya.Api", "Mobilya.Api\Mobilya.Api.csproj", "{3E84F147-6707-4E0E-89D5-C1AC7AF3EB9C}"
EndProject
Project("{9A19103F-16F7-4668-BE54-9A1E7A4F7556}") = "Mobilya.DataAccess", "Mobilya.DataAccess\Mobilya.DataAccess.csproj", "{EE05612C-7B3C-44A1-B773-DF7626821D8A}"
EndProject
Project("{9A19103F-16F7-4668-BE54-9A1E7A4F7556}") = "Mobilya.Entity", "Mobilya.Entity\Mobilya.Entity.csproj", "{3AF5CFEF-3315-4385-987C-325F30AC8E0C}"
EndProject
Project("{9A19103F-16F7-4668-BE54-9A1E7A4F7556}") = "Mobilya_Sitesi", "Mobilya.UI\Mobilya_Sitesi.csproj", "{F78677A7-CB00-428B-9470-ED9227586D02}"
EndProject
Project("{9A19103F-16F7-4668-BE54-9A1E7A4F7556}") = "Mobilya.Business", "Mobilya.Business\Mobilya.Business.csproj", "{3E2E2D99-AE91-4A9B-B074-3906A1060C70}"
EndProject
Global
	GlobalSection(SolutionConfigurationPlatforms) = preSolution
		Debug|Any CPU = Debug|Any CPU
		Release|Any CPU = Release|Any CPU
	EndGlobalSection
	GlobalSection(ProjectConfigurationPlatforms) = postSolution
		{3E84F147-6707-4E0E-89D5-C1AC7AF3EB9C}.Debug|Any CPU.ActiveCfg = Debug|Any CPU
		{3E84F147-6707-4E0E-89D5-C1AC7AF3EB9C}.Debug|Any CPU.Build.0 = Debug|Any CPU
		{3E84F147-6707-4E0E-89D5-C1AC7AF3EB9C}.Release|Any CPU.ActiveCfg = Release|Any CPU
		{3E84F147-6707-4E0E-89D5-C1AC7AF3EB9C}.Release|Any CPU.Build.0 = Release|Any CPU
		{EE05612C-7B3C-44A1-B773-DF7626821D8A}.Debug|Any CPU.ActiveCfg = Debug|Any CPU
		{EE05612C-7B3C-44A1-B773-DF7626821D8A}.Debug|Any CPU.Build.0 = Debug|Any CPU
		{EE05612C-7B3C-44A1-B773-DF7626821D8A}.Release|Any CPU.ActiveCfg = Release|Any CPU
		{EE05612C-7B3C-44A1-B773-DF7626821D8A}.Release|Any CPU.Build.0 = Release|Any CPU
		{3AF5CFEF-3315-4385-987C-325F30AC8E0C}.Debug|Any CPU.ActiveCfg = Debug|Any CPU
		{3AF5CFEF-3315-4385-987C-325F30AC8E0C}.Debug|Any CPU.Build.0 = Debug|Any CPU
		{3AF5CFEF-3315-4385-987C-325F30AC8E0C}.Release|Any CPU.ActiveCfg = Release|Any CPU
		{3AF5CFEF-3315-4385-987C-325F30AC8E0C}.Release|Any CPU.Build.0 = Release|Any CPU
		{F78677A7-CB00-428B-9470-ED9227586D02}.Debug|Any CPU.ActiveCfg = Debug|Any CPU
		{F78677A7-CB00-428B-9470-ED9227586D02}.Debug|Any CPU.Build.0 = Debug|Any CPU
		{F78677A7-CB00-428B-9470-ED9227586D02}.Release|Any CPU.ActiveCfg = Release|Any CPU
		{F78677A7-CB00-428B-9470-ED9227586D02}.Release|Any CPU.Build.0 = Release|Any CPU
		{3E2E2D99-AE91-4A9B-B074-3906A1060C70}.Debug|Any CPU.ActiveCfg = Debug|Any CPU
		{3E2E2D99-AE91-4A9B-B074-3906A1060C70}.Debug|Any CPU.Build.0 = Debug|Any CPU
		{3E2E2D99-AE91-4A9B-B074-3906A1060C70}.Release|Any CPU.ActiveCfg = Release|Any CPU
		{3E2E2D99-AE91-4A9B-B074-3906A1060C70}.Release|Any CPU.Build.0 = Release|Any CPU
	EndGlobalSection
	GlobalSection(SolutionProperties) = preSolution
		HideSolutionNode = FALSE
	EndGlobalSection
	GlobalSection(NestedProjects) = preSolution
		{3E84F147-6707-4E0E-89D5-C1AC7AF3EB9C} = {CB038FF9-807F-4314-B462-63D9605FF396}
		{EE05612C-7B3C-44A1-B773-DF7626821D8A} = {CB038FF9-807F-4314-B462-63D9605FF396}
		{3AF5CFEF-3315-4385-987C-325F30AC8E0C} = {CB038FF9-807F-4314-B462-63D9605FF396}
		{3E2E2D99-AE91-4A9B-B074-3906A1060C70} = {CB038FF9-807F-4314-B462-63D9605FF396}
	EndGlobalSection
	GlobalSection(ExtensibilityGlobals) = postSolution
		SolutionGuid = {85E5699F-FD96-496D-9F61-55D5FAD8F3B9}
	EndGlobalSection
EndGlobal
